
Microsoft Visual Studio Solution File, Format Version 12.00
# Visual Studio 2012
Project("{FAE04EC0-301F-11D3-BF4B-00C04F79EFBC}") = "GitWebApp", "GitWebApp\GitWebApp.csproj", "{5D615C59-7A8B-4409-8925-2C23B664433D}"
EndProject
Global
	GlobalSection(SolutionConfigurationPlatforms) = preSolution
		Debug|Any CPU = Debug|Any CPU
		Release|Any CPU = Release|Any CPU
	EndGlobalSection
	GlobalSection(ProjectConfigurationPlatforms) = postSolution
		{5D615C59-7A8B-4409-8925-2C23B664433D}.Debug|Any CPU.ActiveCfg = Debug|Any CPU
		{5D615C59-7A8B-4409-8925-2C23B664433D}.Debug|Any CPU.Build.0 = Debug|Any CPU
		{5D615C59-7A8B-4409-8925-2C23B664433D}.Release|Any CPU.ActiveCfg = Release|Any CPU
		{5D615C59-7A8B-4409-8925-2C23B664433D}.Release|Any CPU.Build.0 = Release|Any CPU
	EndGlobalSection
	GlobalSection(SolutionProperties) = preSolution
		HideSolutionNode = FALSE
	EndGlobalSection
EndGlobal
